{
  "name": "AplikasiKasir",
  "lockfileVersion": 3,
  "requires": true,
  "packages": {
    "": {
      "dependencies": {
        "convert-to-rupiah": "^1.0.1"
      }
    },
    "node_modules/convert-to-rupiah": {
      "version": "1.0.1",
      "resolved": "https://registry.npmjs.org/convert-to-rupiah/-/convert-to-rupiah-1.0.1.tgz",
      "integrity": "sha512-fVYHiiaE31qnQQ1tEseLL9adZ6Aww1Pw4v2NlGCacleDRM+YiIB93AFkL/3FrqLxCHU4LzoaYolgMmWtS9FgJQ==",
      "dependencies": {
        "lodash": "^4.17.21"
      }
    },
    "node_modules/lodash": {
      "version": "4.17.21",
      "resolved": "https://registry.npmjs.org/lodash/-/lodash-4.17.21.tgz",
      "integrity": "sha512-v2kDEe57lecTulaDIuNTPy3Ry4gLGJ6Z1O3vE1krgXZNrsQ+LFTGHVxVjcXPs17LhbZVGedAJv8XZ1tvj5FvSg=="
    }
  }
}
